
Microsoft Visual Studio Solution File, Format Version 12.00
# Visual Studio Version 16
VisualStudioVersion = 16.0.31702.278
MinimumVisualStudioVersion = 10.0.40219.1
Project("{FAE04EC0-301F-11D3-BF4B-00C04F79EFBC}") = "PraticeWithMethodsGCDevBuildDay3", "PraticeWithMethodsGCDevBuildDay3\PraticeWithMethodsGCDevBuildDay3.csproj", "{9CCF6B61-6D55-4538-AF89-72C6D72CE535}"
EndProject
Global
	GlobalSection(SolutionConfigurationPlatforms) = preSolution
		Debug|Any CPU = Debug|Any CPU
		Release|Any CPU = Release|Any CPU
	EndGlobalSection
	GlobalSection(ProjectConfigurationPlatforms) = postSolution
		{9CCF6B61-6D55-4538-AF89-72C6D72CE535}.Debug|Any CPU.ActiveCfg = Debug|Any CPU
		{9CCF6B61-6D55-4538-AF89-72C6D72CE535}.Debug|Any CPU.Build.0 = Debug|Any CPU
		{9CCF6B61-6D55-4538-AF89-72C6D72CE535}.Release|Any CPU.ActiveCfg = Release|Any CPU
		{9CCF6B61-6D55-4538-AF89-72C6D72CE535}.Release|Any CPU.Build.0 = Release|Any CPU
	EndGlobalSection
	GlobalSection(SolutionProperties) = preSolution
		HideSolutionNode = FALSE
	EndGlobalSection
	GlobalSection(ExtensibilityGlobals) = postSolution
		SolutionGuid = {5800D382-74AB-4210-8646-B4CA9597EA20}
	EndGlobalSection
EndGlobal
